
Microsoft Visual Studio Solution File, Format Version 12.00
# Visual Studio Version 16
VisualStudioVersion = 16.0.28922.388
MinimumVisualStudioVersion = 10.0.40219.1
Project("{FAE04EC0-301F-11D3-BF4B-00C04F79EFBC}") = "CircLanaZE", "CircLanaZE\CircLanaZE.csproj", "{A9BE6A40-9C9C-4653-90D3-8D2DD49E98F0}"
EndProject
Global
	GlobalSection(SolutionConfigurationPlatforms) = preSolution
		Debug|Any CPU = Debug|Any CPU
		Release|Any CPU = Release|Any CPU
	EndGlobalSection
	GlobalSection(ProjectConfigurationPlatforms) = postSolution
		{A9BE6A40-9C9C-4653-90D3-8D2DD49E98F0}.Debug|Any CPU.ActiveCfg = Debug|Any CPU
		{A9BE6A40-9C9C-4653-90D3-8D2DD49E98F0}.Debug|Any CPU.Build.0 = Debug|Any CPU
		{A9BE6A40-9C9C-4653-90D3-8D2DD49E98F0}.Release|Any CPU.ActiveCfg = Release|Any CPU
		{A9BE6A40-9C9C-4653-90D3-8D2DD49E98F0}.Release|Any CPU.Build.0 = Release|Any CPU
	EndGlobalSection
	GlobalSection(SolutionProperties) = preSolution
		HideSolutionNode = FALSE
	EndGlobalSection
	GlobalSection(ExtensibilityGlobals) = postSolution
		SolutionGuid = {49CAFB4C-5C5E-4803-90C4-BA524063BF42}
	EndGlobalSection
EndGlobal
