
Microsoft Visual Studio Solution File, Format Version 12.00
# Visual Studio Version 16
VisualStudioVersion = 16.0.28922.388
MinimumVisualStudioVersion = 10.0.40219.1
Project("{FAE04EC0-301F-11D3-BF4B-00C04F79EFBC}") = "SportsLanaZE", "SportsLanaZE\SportsLanaZE.csproj", "{1AAE7ADD-CB0A-4604-B516-D712917A82BB}"
EndProject
Global
	GlobalSection(SolutionConfigurationPlatforms) = preSolution
		Debug|Any CPU = Debug|Any CPU
		Release|Any CPU = Release|Any CPU
	EndGlobalSection
	GlobalSection(ProjectConfigurationPlatforms) = postSolution
		{1AAE7ADD-CB0A-4604-B516-D712917A82BB}.Debug|Any CPU.ActiveCfg = Debug|Any CPU
		{1AAE7ADD-CB0A-4604-B516-D712917A82BB}.Debug|Any CPU.Build.0 = Debug|Any CPU
		{1AAE7ADD-CB0A-4604-B516-D712917A82BB}.Release|Any CPU.ActiveCfg = Release|Any CPU
		{1AAE7ADD-CB0A-4604-B516-D712917A82BB}.Release|Any CPU.Build.0 = Release|Any CPU
	EndGlobalSection
	GlobalSection(SolutionProperties) = preSolution
		HideSolutionNode = FALSE
	EndGlobalSection
	GlobalSection(ExtensibilityGlobals) = postSolution
		SolutionGuid = {A39B06D3-D6CD-4A03-B090-782E1EF385BA}
	EndGlobalSection
EndGlobal
